
Microsoft Visual Studio Solution File, Format Version 12.00
# Visual Studio Version 17
VisualStudioVersion = 17.9.34728.123
MinimumVisualStudioVersion = 10.0.40219.1
Project("{FAE04EC0-301F-11D3-BF4B-00C04F79EFBC}") = "DefaultValuSelect", "DefaultValuSelect\DefaultValuSelect.csproj", "{6BAC5376-CFA8-43EA-BC03-6A30C0F5D12E}"
EndProject
Global
	GlobalSection(SolutionConfigurationPlatforms) = preSolution
		Debug|Any CPU = Debug|Any CPU
		Release|Any CPU = Release|Any CPU
	EndGlobalSection
	GlobalSection(ProjectConfigurationPlatforms) = postSolution
		{6BAC5376-CFA8-43EA-BC03-6A30C0F5D12E}.Debug|Any CPU.ActiveCfg = Debug|Any CPU
		{6BAC5376-CFA8-43EA-BC03-6A30C0F5D12E}.Debug|Any CPU.Build.0 = Debug|Any CPU
		{6BAC5376-CFA8-43EA-BC03-6A30C0F5D12E}.Release|Any CPU.ActiveCfg = Release|Any CPU
		{6BAC5376-CFA8-43EA-BC03-6A30C0F5D12E}.Release|Any CPU.Build.0 = Release|Any CPU
	EndGlobalSection
	GlobalSection(SolutionProperties) = preSolution
		HideSolutionNode = FALSE
	EndGlobalSection
	GlobalSection(ExtensibilityGlobals) = postSolution
		SolutionGuid = {A2699327-7858-4F3A-878D-72B68A905CAE}
	EndGlobalSection
EndGlobal
